<?xml version="1.0" encoding="utf-8"?>
<Project ToolsVersion="4.0" xmlns="http://schemas.microsoft.com/developer/msbuild/2003">
  <ItemGroup>
    <Filter Include="Source Files">
      <UniqueIdentifier>{4FC737F1-C7A5-4376-A066-2A32D752A2FF}</UniqueIdentifier>
      <Extensions>cpp;c;cc;cxx;c++;cppm;ixx;def;odl;idl;hpj;bat;asm;asmx</Extensions>
    </Filter>
    <Filter Include="Header Files">
      <UniqueIdentifier>{93995380-89BD-4b04-88EB-625FBE52EBFB}</UniqueIdentifier>
      <Extensions>h;hh;hpp;hxx;h++;hm;inl;inc;ipp;xsd</Extensions>
    </Filter>
    <Filter Include="Resource Files">
      <UniqueIdentifier>{67DA6AB6-F800-4c08-8B7A-83BB121AAD01}</UniqueIdentifier>
      <Extensions>rc;ico;cur;bmp;dlg;rc2;rct;bin;rgs;gif;jpg;jpeg;jpe;resx;tiff;tif;png;wav;mfcribbon-ms</Extensions>
    </Filter>
  </ItemGroup>
  <ItemGroup>
    <ClCompile Include="PSMoveVR.cpp">
      <Filter>Source Files</Filter>
    </ClCompile>
    <ClCompile Include="include\glad\glad.c">
      <Filter>Resource Files</Filter>
    </ClCompile>
    <ClCompile Include="include\imgui-1.89.9\imgui.cpp">
      <Filter>Resource Files</Filter>
    </ClCompile>
    <ClCompile Include="include\imgui-1.89.9\imgui_demo.cpp">
      <Filter>Resource Files</Filter>
    </ClCompile>
    <ClCompile Include="include\imgui-1.89.9\imgui_draw.cpp">
      <Filter>Resource Files</Filter>
    </ClCompile>
    <ClCompile Include="include\imgui-1.89.9\imgui_tables.cpp">
      <Filter>Resource Files</Filter>
    </ClCompile>
    <ClCompile Include="include\imgui-1.89.9\imgui_widgets.cpp">
      <Filter>Resource Files</Filter>
    </ClCompile>
    <ClCompile Include="include\imgui-1.89.9\backends\imgui_impl_glfw.cpp">
      <Filter>Resource Files</Filter>
    </ClCompile>
    <ClCompile Include="include\imgui-1.89.9\backends\imgui_impl_opengl2.cpp">
      <Filter>Resource Files</Filter>
    </ClCompile>
    <ClCompile Include="include\imgui-1.89.9\backends\imgui_impl_opengl3.cpp">
      <Filter>Resource Files</Filter>
    </ClCompile>
    <ClCompile Include="include\imgui-1.89.9\backends\imgui_impl_win32.cpp">
      <Filter>Resource Files</Filter>
    </ClCompile>
    <ClCompile Include="include\PS3EYEDriver\src\ps3eye.cpp">
      <Filter>Resource Files</Filter>
    </ClCompile>
    <ClCompile Include="include\PS3EYEDriver\src\ps3eye_capi.cpp">
      <Filter>Resource Files</Filter>
    </ClCompile>
    <ClCompile Include="MadgwickAHRS.cpp">
      <Filter>Source Files</Filter>
    </ClCompile>
    <ClCompile Include="Shader.cpp">
      <Filter>Source Files</Filter>
    </ClCompile>
    <ClCompile Include="RenderObject.cpp">
      <Filter>Source Files</Filter>
    </ClCompile>
    <ClCompile Include="ImGuiGL.cpp">
      <Filter>Source Files</Filter>
    </ClCompile>
    <ClCompile Include="Texture.cpp">
      <Filter>Source Files</Filter>
    </ClCompile>
    <ClCompile Include="stb_image.cpp">
      <Filter>Source Files</Filter>
    </ClCompile>
    <ClCompile Include="CameraCalibration.h">
      <Filter>Header Files</Filter>
    </ClCompile>
    <ClCompile Include="RenderGrid.cpp">
      <Filter>Source Files</Filter>
    </ClCompile>
  </ItemGroup>
  <ItemGroup>
    <ClInclude Include="include\glad\glad.h">
      <Filter>Resource Files</Filter>
    </ClInclude>
    <ClInclude Include="include\imgui-1.89.9\imconfig.h">
      <Filter>Resource Files</Filter>
    </ClInclude>
    <ClInclude Include="include\imgui-1.89.9\imgui.h">
      <Filter>Resource Files</Filter>
    </ClInclude>
    <ClInclude Include="include\imgui-1.89.9\imgui_internal.h">
      <Filter>Resource Files</Filter>
    </ClInclude>
    <ClInclude Include="include\imgui-1.89.9\imstb_rectpack.h">
      <Filter>Resource Files</Filter>
    </ClInclude>
    <ClInclude Include="include\imgui-1.89.9\imstb_textedit.h">
      <Filter>Resource Files</Filter>
    </ClInclude>
    <ClInclude Include="include\imgui-1.89.9\imstb_truetype.h">
      <Filter>Resource Files</Filter>
    </ClInclude>
    <ClInclude Include="include\imgui-1.89.9\backends\imgui_impl_glfw.h">
      <Filter>Resource Files</Filter>
    </ClInclude>
    <ClInclude Include="include\imgui-1.89.9\backends\imgui_impl_opengl2.h">
      <Filter>Resource Files</Filter>
    </ClInclude>
    <ClInclude Include="include\imgui-1.89.9\backends\imgui_impl_opengl3.h">
      <Filter>Resource Files</Filter>
    </ClInclude>
    <ClInclude Include="include\imgui-1.89.9\backends\imgui_impl_opengl3_loader.h">
      <Filter>Resource Files</Filter>
    </ClInclude>
    <ClInclude Include="include\imgui-1.89.9\backends\imgui_impl_win32.h">
      <Filter>Resource Files</Filter>
    </ClInclude>
    <ClInclude Include="include\PS3EYEDriver\src\ps3eye.h">
      <Filter>Resource Files</Filter>
    </ClInclude>
    <ClInclude Include="include\PS3EYEDriver\src\ps3eye_capi.h">
      <Filter>Resource Files</Filter>
    </ClInclude>
    <ClInclude Include="ControllerHandler.h">
      <Filter>Header Files</Filter>
    </ClInclude>
    <ClInclude Include="MagwickAHRS.h">
      <Filter>Header Files</Filter>
    </ClInclude>
    <ClInclude Include="Shader.h">
      <Filter>Header Files</Filter>
    </ClInclude>
    <ClInclude Include="RenderObject.h">
      <Filter>Header Files</Filter>
    </ClInclude>
    <ClInclude Include="ImGuiGL.h">
      <Filter>Header Files</Filter>
    </ClInclude>
    <ClInclude Include="Macros.h">
      <Filter>Header Files</Filter>
    </ClInclude>
    <ClInclude Include="Texture.h">
      <Filter>Header Files</Filter>
    </ClInclude>
    <ClInclude Include="IMUCalibration.h">
      <Filter>Header Files</Filter>
    </ClInclude>
    <ClInclude Include="OpticalDetection.h">
      <Filter>Header Files</Filter>
    </ClInclude>
    <ClInclude Include="RenderGrid.h">
      <Filter>Header Files</Filter>
    </ClInclude>
    <ClInclude Include="VRMath.h">
      <Filter>Header Files</Filter>
    </ClInclude>
    <ClInclude Include="VRConfig.h">
      <Filter>Header Files</Filter>
    </ClInclude>
    <ClInclude Include="stb_image.h">
      <Filter>Resource Files</Filter>
    </ClInclude>
  </ItemGroup>
</Project>